
Microsoft Visual Studio Solution File, Format Version 12.00
# Visual Studio Version 17
VisualStudioVersion = 17.14.36518.9 d17.14
MinimumVisualStudioVersion = 10.0.40219.1
Project("{FAE04EC0-301F-11D3-BF4B-00C04F79EFBC}") = "Exercício Aula 2", "Exercício Aula 2\Exercício Aula 2.csproj", "{72167986-F654-4D0C-B283-8ABAEFF38150}"
EndProject
Global
	GlobalSection(SolutionConfigurationPlatforms) = preSolution
		Debug|Any CPU = Debug|Any CPU
		Release|Any CPU = Release|Any CPU
	EndGlobalSection
	GlobalSection(ProjectConfigurationPlatforms) = postSolution
		{72167986-F654-4D0C-B283-8ABAEFF38150}.Debug|Any CPU.ActiveCfg = Debug|Any CPU
		{72167986-F654-4D0C-B283-8ABAEFF38150}.Debug|Any CPU.Build.0 = Debug|Any CPU
		{72167986-F654-4D0C-B283-8ABAEFF38150}.Release|Any CPU.ActiveCfg = Release|Any CPU
		{72167986-F654-4D0C-B283-8ABAEFF38150}.Release|Any CPU.Build.0 = Release|Any CPU
	EndGlobalSection
	GlobalSection(SolutionProperties) = preSolution
		HideSolutionNode = FALSE
	EndGlobalSection
	GlobalSection(ExtensibilityGlobals) = postSolution
		SolutionGuid = {300D7A80-A7E8-4711-B717-247A7DE4814C}
	EndGlobalSection
EndGlobal
